<?xml version="1.0" encoding="utf-8"?>
<Project ToolsVersion="4.0" xmlns="http://schemas.microsoft.com/developer/msbuild/2003">
  <ItemGroup>
    <Filter Include="Source Files">
      <UniqueIdentifier>{4FC737F1-C7A5-4376-A066-2A32D752A2FF}</UniqueIdentifier>
      <Extensions>cpp;c;cc;cxx;def;odl;idl;hpj;bat;asm;asmx</Extensions>
    </Filter>
    <Filter Include="Header Files">
      <UniqueIdentifier>{93995380-89BD-4b04-88EB-625FBE52EBFB}</UniqueIdentifier>
      <Extensions>h;hpp;hxx;hm;inl;inc;xsd</Extensions>
    </Filter>
    <Filter Include="Resource Files">
      <UniqueIdentifier>{67DA6AB6-F800-4c08-8B7A-83BB121AAD01}</UniqueIdentifier>
      <Extensions>rc;ico;cur;bmp;dlg;rc2;rct;bin;rgs;gif;jpg;jpeg;jpe;resx;tiff;tif;png;wav;mfcribbon-ms</Extensions>
    </Filter>
    <Filter Include="Header Files\States">
      <UniqueIdentifier>{80919059-30c2-4a9c-9084-1534724bf405}</UniqueIdentifier>
    </Filter>
    <Filter Include="Source Files\States">
      <UniqueIdentifier>{2c78c6af-f308-49a6-88db-7ef367f5dd45}</UniqueIdentifier>
    </Filter>
    <Filter Include="Header Files\Objects">
      <UniqueIdentifier>{aa4bd202-5d66-4667-bca7-602fde6bfe36}</UniqueIdentifier>
    </Filter>
    <Filter Include="Source Files\Objects">
      <UniqueIdentifier>{d6136151-e614-4066-a2d9-83131d17b7e5}</UniqueIdentifier>
    </Filter>
    <Filter Include="Header Files\Managers">
      <UniqueIdentifier>{feca4e81-02bb-4201-9517-5c69fc2df597}</UniqueIdentifier>
    </Filter>
    <Filter Include="Source Files\Managers">
      <UniqueIdentifier>{be2e541d-89dd-44c0-b7ad-5b71572af1e4}</UniqueIdentifier>
    </Filter>
    <Filter Include="Source Files\Objects\Entities">
      <UniqueIdentifier>{fc81a88b-e56a-4565-9638-cb35f3b2a2dd}</UniqueIdentifier>
    </Filter>
    <Filter Include="Header Files\HUD">
      <UniqueIdentifier>{782a8693-b4b8-4f05-a097-8a4262aab6dd}</UniqueIdentifier>
    </Filter>
    <Filter Include="Source Files\HUD">
      <UniqueIdentifier>{a9b5d123-8105-487e-a025-385232ab219e}</UniqueIdentifier>
    </Filter>
    <Filter Include="Header Files\Objects\Entites">
      <UniqueIdentifier>{afbf7d03-5734-42b6-9c5b-5ff8407eb6fc}</UniqueIdentifier>
    </Filter>
  </ItemGroup>
  <ItemGroup>
    <Text Include="ReadMe.txt" />
  </ItemGroup>
  <ItemGroup>
    <ClCompile Include="Collider.cpp">
      <Filter>Source Files</Filter>
    </ClCompile>
    <ClCompile Include="Engine.cpp">
      <Filter>Source Files</Filter>
    </ClCompile>
    <ClCompile Include="Enums.cpp">
      <Filter>Source Files</Filter>
    </ClCompile>
    <ClCompile Include="StateMain.cpp">
      <Filter>Source Files</Filter>
    </ClCompile>
    <ClCompile Include="Vector2.cpp">
      <Filter>Source Files</Filter>
    </ClCompile>
    <ClCompile Include="AnimatedSprite.cpp">
      <Filter>Source Files</Filter>
    </ClCompile>
    <ClCompile Include="stdafx.cpp">
      <Filter>Source Files</Filter>
    </ClCompile>
    <ClCompile Include="GameState.cpp">
      <Filter>Source Files\States</Filter>
    </ClCompile>
    <ClCompile Include="HowToPlayState.cpp">
      <Filter>Source Files\States</Filter>
    </ClCompile>
    <ClCompile Include="OptionsState.cpp">
      <Filter>Source Files\States</Filter>
    </ClCompile>
    <ClCompile Include="StartMenuState.cpp">
      <Filter>Source Files\States</Filter>
    </ClCompile>
    <ClCompile Include="DrawManager.cpp">
      <Filter>Source Files\Managers</Filter>
    </ClCompile>
    <ClCompile Include="EntityManager.cpp">
      <Filter>Source Files\Managers</Filter>
    </ClCompile>
    <ClCompile Include="SpriteManager.cpp">
      <Filter>Source Files\Managers</Filter>
    </ClCompile>
    <ClCompile Include="StateManager.cpp">
      <Filter>Source Files\Managers</Filter>
    </ClCompile>
    <ClCompile Include="Camera.cpp">
      <Filter>Source Files\Objects</Filter>
    </ClCompile>
    <ClCompile Include="Cloud.cpp">
      <Filter>Source Files\Objects</Filter>
    </ClCompile>
    <ClCompile Include="Gameplayarea.cpp">
      <Filter>Source Files\Objects</Filter>
    </ClCompile>
    <ClCompile Include="Paralax.cpp">
      <Filter>Source Files\Objects</Filter>
    </ClCompile>
    <ClCompile Include="FireEnemyObject.cpp">
      <Filter>Source Files\Objects\Entities</Filter>
    </ClCompile>
    <ClCompile Include="Entity.cpp">
      <Filter>Source Files\Objects\Entities</Filter>
    </ClCompile>
    <ClCompile Include="PlayerObject.cpp">
      <Filter>Source Files\Objects\Entities</Filter>
    </ClCompile>
    <ClCompile Include="WaterEnemyObject.cpp">
      <Filter>Source Files\Objects\Entities</Filter>
    </ClCompile>
    <ClCompile Include="Projectile.cpp">
      <Filter>Source Files\Objects\Entities</Filter>
    </ClCompile>
    <ClCompile Include="HeadsUpDisplay.cpp">
      <Filter>Source Files\HUD</Filter>
    </ClCompile>
    <ClCompile Include="Paralax2.cpp">
      <Filter>Source Files\Objects</Filter>
    </ClCompile>
    <ClCompile Include="LostSoulObject.cpp">
      <Filter>Source Files\Objects\Entities</Filter>
    </ClCompile>
    <ClCompile Include="SoundManager.cpp">
      <Filter>Source Files\Managers</Filter>
    </ClCompile>
    <ClCompile Include="AltarObject.cpp">
      <Filter>Source Files\Objects\Entities</Filter>
    </ClCompile>
    <ClCompile Include="Wall.cpp">
      <Filter>Source Files\Objects</Filter>
    </ClCompile>
    <ClCompile Include="ConfigManager.cpp">
      <Filter>Source Files\Managers</Filter>
    </ClCompile>
    <ClCompile Include="EnemyWaves.cpp">
      <Filter>Source Files</Filter>
    </ClCompile>
    <ClCompile Include="Paralax3.cpp">
      <Filter>Source Files\Objects</Filter>
    </ClCompile>
    <ClCompile Include="WoodEnemyObject.cpp">
      <Filter>Source Files\Objects\Entities</Filter>
    </ClCompile>
    <ClCompile Include="SMClouds.cpp">
      <Filter>Source Files\Objects</Filter>
    </ClCompile>
    <ClCompile Include="SMFogB.cpp">
      <Filter>Source Files\Objects</Filter>
    </ClCompile>
    <ClCompile Include="SMFogF.cpp">
      <Filter>Source Files\Objects</Filter>
    </ClCompile>
    <ClCompile Include="SMHimmel.cpp">
      <Filter>Source Files\Objects</Filter>
    </ClCompile>
    <ClCompile Include="SMMoon.cpp">
      <Filter>Source Files\Objects</Filter>
    </ClCompile>
    <ClCompile Include="SMMountainsB.cpp">
      <Filter>Source Files\Objects</Filter>
    </ClCompile>
    <ClCompile Include="SMMountainsF.cpp">
      <Filter>Source Files\Objects</Filter>
    </ClCompile>
    <ClCompile Include="SMPagoda.cpp">
      <Filter>Source Files\Objects</Filter>
    </ClCompile>
    <ClCompile Include="SMop1.cpp">
      <Filter>Source Files\Objects</Filter>
    </ClCompile>
    <ClCompile Include="SMop3.cpp">
      <Filter>Source Files\Objects</Filter>
    </ClCompile>
    <ClCompile Include="SMop4.cpp">
      <Filter>Source Files\Objects</Filter>
    </ClCompile>
    <ClCompile Include="SMop2.cpp">
      <Filter>Source Files\Objects</Filter>
    </ClCompile>
  </ItemGroup>
  <ItemGroup>
    <ClInclude Include="Animation.h">
      <Filter>Header Files</Filter>
    </ClInclude>
    <ClInclude Include="Collider.h">
      <Filter>Header Files</Filter>
    </ClInclude>
    <ClInclude Include="Engine.h">
      <Filter>Header Files</Filter>
    </ClInclude>
    <ClInclude Include="stdafx.h">
      <Filter>Header Files</Filter>
    </ClInclude>
    <ClInclude Include="targetver.h">
      <Filter>Header Files</Filter>
    </ClInclude>
    <ClInclude Include="Vector2.h">
      <Filter>Header Files</Filter>
    </ClInclude>
    <ClInclude Include="AnimatedSprite.h">
      <Filter>Header Files</Filter>
    </ClInclude>
    <ClInclude Include="GameState.h">
      <Filter>Header Files\States</Filter>
    </ClInclude>
    <ClInclude Include="HowToPlayState.h">
      <Filter>Header Files\States</Filter>
    </ClInclude>
    <ClInclude Include="OptionsState.h">
      <Filter>Header Files\States</Filter>
    </ClInclude>
    <ClInclude Include="StartMenuState.h">
      <Filter>Header Files\States</Filter>
    </ClInclude>
    <ClInclude Include="State.h">
      <Filter>Header Files\States</Filter>
    </ClInclude>
    <ClInclude Include="DrawManager.h">
      <Filter>Header Files\Managers</Filter>
    </ClInclude>
    <ClInclude Include="EntityManager.h">
      <Filter>Header Files\Managers</Filter>
    </ClInclude>
    <ClInclude Include="Spritemanager.h">
      <Filter>Header Files\Managers</Filter>
    </ClInclude>
    <ClInclude Include="Background.h">
      <Filter>Header Files</Filter>
    </ClInclude>
    <ClInclude Include="Camera.h">
      <Filter>Header Files</Filter>
    </ClInclude>
    <ClInclude Include="Cloud.h">
      <Filter>Header Files</Filter>
    </ClInclude>
    <ClInclude Include="Gameplayarea.h">
      <Filter>Header Files</Filter>
    </ClInclude>
    <ClInclude Include="Enums.h">
      <Filter>Header Files</Filter>
    </ClInclude>
    <ClInclude Include="HeadsUpDisplay.h">
      <Filter>Header Files\HUD</Filter>
    </ClInclude>
    <ClInclude Include="Paralax.h">
      <Filter>Header Files\Objects</Filter>
    </ClInclude>
    <ClInclude Include="Paralax2.h">
      <Filter>Header Files\Objects</Filter>
    </ClInclude>
    <ClInclude Include="SoundManager.h">
      <Filter>Header Files\Managers</Filter>
    </ClInclude>
    <ClInclude Include="StateManager.h">
      <Filter>Header Files\Managers</Filter>
    </ClInclude>
    <ClInclude Include="Entity.h">
      <Filter>Header Files\Objects\Entites</Filter>
    </ClInclude>
    <ClInclude Include="FireEnemyObject.h">
      <Filter>Header Files\Objects\Entites</Filter>
    </ClInclude>
    <ClInclude Include="LostSoulObject.h">
      <Filter>Header Files\Objects\Entites</Filter>
    </ClInclude>
    <ClInclude Include="PlayerObject.h">
      <Filter>Header Files\Objects\Entites</Filter>
    </ClInclude>
    <ClInclude Include="WaterEnemyObject.h">
      <Filter>Header Files\Objects\Entites</Filter>
    </ClInclude>
    <ClInclude Include="Projectile.h">
      <Filter>Header Files\Objects\Entites</Filter>
    </ClInclude>
    <ClInclude Include="AltarObject.h">
      <Filter>Header Files\Objects\Entites</Filter>
    </ClInclude>
    <ClInclude Include="Wall.h">
      <Filter>Header Files\Objects</Filter>
    </ClInclude>
    <ClInclude Include="ConfigManager.h">
      <Filter>Header Files\Managers</Filter>
    </ClInclude>
    <ClInclude Include="EnemyWaves.h">
      <Filter>Header Files</Filter>
    </ClInclude>
    <ClInclude Include="Paralax3.h">
      <Filter>Header Files\Objects</Filter>
    </ClInclude>
    <ClInclude Include="WoodEnemyObject.h">
      <Filter>Header Files\Objects\Entites</Filter>
    </ClInclude>
    <ClInclude Include="SMClouds.h">
      <Filter>Header Files\Objects</Filter>
    </ClInclude>
    <ClInclude Include="SMFogB.h">
      <Filter>Header Files\Objects</Filter>
    </ClInclude>
    <ClInclude Include="SMFogF.h">
      <Filter>Header Files\Objects</Filter>
    </ClInclude>
    <ClInclude Include="SMHimmel.h">
      <Filter>Header Files\Objects</Filter>
    </ClInclude>
    <ClInclude Include="SMMoon.h">
      <Filter>Header Files\Objects</Filter>
    </ClInclude>
    <ClInclude Include="SMMountainsB.h">
      <Filter>Header Files\Objects</Filter>
    </ClInclude>
    <ClInclude Include="SMMountainsF.h">
      <Filter>Header Files\Objects</Filter>
    </ClInclude>
    <ClInclude Include="SMPagoda.h">
      <Filter>Header Files\Objects</Filter>
    </ClInclude>
    <ClInclude Include="SMop1.h">
      <Filter>Header Files\Objects</Filter>
    </ClInclude>
    <ClInclude Include="SMop2.h">
      <Filter>Header Files\Objects</Filter>
    </ClInclude>
    <ClInclude Include="SMop3.h">
      <Filter>Header Files\Objects</Filter>
    </ClInclude>
    <ClInclude Include="SMop4.h">
      <Filter>Header Files\Objects</Filter>
    </ClInclude>
  </ItemGroup>
</Project>