
Microsoft Visual Studio Solution File, Format Version 12.00
# Visual Studio 2012
Project("{8BC9CEB8-8B4A-11D0-8D11-00A0C91BC942}") = "Jian-Andree", "Jian-Andree\Jian-Andree.vcxproj", "{A87EB915-A2CC-4FD6-97BA-FC406EBD4A25}"
EndProject
Global
	GlobalSection(SolutionConfigurationPlatforms) = preSolution
		Debug|Win32 = Debug|Win32
		Release|Win32 = Release|Win32
	EndGlobalSection
	GlobalSection(ProjectConfigurationPlatforms) = postSolution
		{A87EB915-A2CC-4FD6-97BA-FC406EBD4A25}.Debug|Win32.ActiveCfg = Debug|Win32
		{A87EB915-A2CC-4FD6-97BA-FC406EBD4A25}.Debug|Win32.Build.0 = Debug|Win32
		{A87EB915-A2CC-4FD6-97BA-FC406EBD4A25}.Release|Win32.ActiveCfg = Release|Win32
		{A87EB915-A2CC-4FD6-97BA-FC406EBD4A25}.Release|Win32.Build.0 = Release|Win32
	EndGlobalSection
	GlobalSection(SolutionProperties) = preSolution
		HideSolutionNode = FALSE
	EndGlobalSection
EndGlobal
